
Microsoft Visual Studio Solution File, Format Version 12.00
# Visual Studio Version 17
VisualStudioVersion = 17.8.34330.188
MinimumVisualStudioVersion = 10.0.40219.1
Project("{FAE04EC0-301F-11D3-BF4B-00C04F79EFBC}") = "WeatherZxc", "WeatherZxc.csproj", "{E9009F6F-D13C-41F8-863D-FB8DC1E39E61}"
EndProject
Global
	GlobalSection(SolutionConfigurationPlatforms) = preSolution
		Debug|Any CPU = Debug|Any CPU
		Release|Any CPU = Release|Any CPU
	EndGlobalSection
	GlobalSection(ProjectConfigurationPlatforms) = postSolution
		{E9009F6F-D13C-41F8-863D-FB8DC1E39E61}.Debug|Any CPU.ActiveCfg = Debug|Any CPU
		{E9009F6F-D13C-41F8-863D-FB8DC1E39E61}.Debug|Any CPU.Build.0 = Debug|Any CPU
		{E9009F6F-D13C-41F8-863D-FB8DC1E39E61}.Release|Any CPU.ActiveCfg = Release|Any CPU
		{E9009F6F-D13C-41F8-863D-FB8DC1E39E61}.Release|Any CPU.Build.0 = Release|Any CPU
	EndGlobalSection
	GlobalSection(SolutionProperties) = preSolution
		HideSolutionNode = FALSE
	EndGlobalSection
	GlobalSection(ExtensibilityGlobals) = postSolution
		SolutionGuid = {E74F122E-76BD-46E4-B54D-EB6E0B60A982}
	EndGlobalSection
EndGlobal
